
Microsoft Visual Studio Solution File, Format Version 12.00
# Visual Studio Version 16
VisualStudioVersion = 16.0.31702.278
MinimumVisualStudioVersion = 10.0.40219.1
Project("{FAE04EC0-301F-11D3-BF4B-00C04F79EFBC}") = "lab12", "lab12\lab12.csproj", "{BE066E7D-77D8-481B-BDD5-12A1E1C4D84D}"
EndProject
Global
	GlobalSection(SolutionConfigurationPlatforms) = preSolution
		Debug|Any CPU = Debug|Any CPU
		Release|Any CPU = Release|Any CPU
	EndGlobalSection
	GlobalSection(ProjectConfigurationPlatforms) = postSolution
		{BE066E7D-77D8-481B-BDD5-12A1E1C4D84D}.Debug|Any CPU.ActiveCfg = Debug|Any CPU
		{BE066E7D-77D8-481B-BDD5-12A1E1C4D84D}.Debug|Any CPU.Build.0 = Debug|Any CPU
		{BE066E7D-77D8-481B-BDD5-12A1E1C4D84D}.Release|Any CPU.ActiveCfg = Release|Any CPU
		{BE066E7D-77D8-481B-BDD5-12A1E1C4D84D}.Release|Any CPU.Build.0 = Release|Any CPU
	EndGlobalSection
	GlobalSection(SolutionProperties) = preSolution
		HideSolutionNode = FALSE
	EndGlobalSection
	GlobalSection(ExtensibilityGlobals) = postSolution
		SolutionGuid = {E6CE14FF-C689-441A-8DD8-C0C1893E3CC9}
	EndGlobalSection
EndGlobal
